
Microsoft Visual Studio Solution File, Format Version 12.00
# Visual Studio 14
VisualStudioVersion = 14.0.24720.0
MinimumVisualStudioVersion = 10.0.40219.1
Project("{FAE04EC0-301F-11D3-BF4B-00C04F79EFBC}") = "AdministrativeUI", "UsersUI\AdministrativeUI.csproj", "{33763686-5217-46BC-AC0D-8F19776B1ED0}"
EndProject
Project("{FAE04EC0-301F-11D3-BF4B-00C04F79EFBC}") = "AdministrativeUITests", "UsersUITests\AdministrativeUITests.csproj", "{D7E8EEA7-3485-4A25-99F5-B5624BE5442F}"
EndProject
Project("{FAE04EC0-301F-11D3-BF4B-00C04F79EFBC}") = "CommonControls", "CommonControls\CommonControls.csproj", "{F850AD09-3800-4D6D-9C91-B4C4B6F08848}"
EndProject
Project("{FAE04EC0-301F-11D3-BF4B-00C04F79EFBC}") = "TradeDataAPI", "..\TradeDataAPI\TradeDataAPI\TradeDataAPI.csproj", "{C8421F84-0ED5-46E2-A765-154B84A6A3F3}"
EndProject
Project("{FAE04EC0-301F-11D3-BF4B-00C04F79EFBC}") = "TradeDataAPITests", "..\TradeDataAPI\TradeDataAPITests\TradeDataAPITests.csproj", "{F21FC353-FA0D-457A-B1EB-7235837E0704}"
EndProject
Project("{FAE04EC0-301F-11D3-BF4B-00C04F79EFBC}") = "SharedLibrary", "..\..\..\SharedLibrary\SharedLibrary.csproj", "{B2C7552C-432D-4A1D-BFF1-0F0A041B5761}"
EndProject
Project("{FAE04EC0-301F-11D3-BF4B-00C04F79EFBC}") = "SimpleClient", "..\TradeDataAPI\SimpleClient\SimpleClient.csproj", "{E3C0180E-4896-4E34-BA1E-BFEE5D40372E}"
EndProject
Project("{930C7802-8A8C-48F9-8165-68863BCCD9DD}") = "WiXProduct", "..\Installer\Product\WiXProduct.wixproj", "{8F292EC8-0E82-4CBE-B470-F46DEDA37822}"
	ProjectSection(ProjectDependencies) = postProject
		{45842652-7CBC-4035-A356-C062B5DBE5A5} = {45842652-7CBC-4035-A356-C062B5DBE5A5}
		{C8421F84-0ED5-46E2-A765-154B84A6A3F3} = {C8421F84-0ED5-46E2-A765-154B84A6A3F3}
		{33763686-5217-46BC-AC0D-8F19776B1ED0} = {33763686-5217-46BC-AC0D-8F19776B1ED0}
	EndProjectSection
EndProject
Project("{FAE04EC0-301F-11D3-BF4B-00C04F79EFBC}") = "WiXCustomActions", "..\Installer\CustomActions\WiXCustomActions.csproj", "{2932A054-41B4-48F0-AD84-747866588F88}"
EndProject
Project("{930C7802-8A8C-48F9-8165-68863BCCD9DD}") = "WiXBundle", "..\Installer\Bundle\WiXBundle.wixproj", "{7C735CB9-3648-4F9F-BB95-1FD3E0277922}"
	ProjectSection(ProjectDependencies) = postProject
		{2932A054-41B4-48F0-AD84-747866588F88} = {2932A054-41B4-48F0-AD84-747866588F88}
	EndProjectSection
EndProject
Project("{2150E333-8FDC-42A3-9474-1A3956D46DE8}") = "Setup", "Setup", "{671FD1D6-E074-45CA-A13A-2B0676A9BB34}"
EndProject
Project("{FAE04EC0-301F-11D3-BF4B-00C04F79EFBC}") = "RegistryChanger", "..\Installer\RegistryChanger\RegistryChanger.csproj", "{45842652-7CBC-4035-A356-C062B5DBE5A5}"
EndProject
Project("{FAE04EC0-301F-11D3-BF4B-00C04F79EFBC}") = "UsersDb", "..\TradeDataAPI\UsersDb\UsersDb.csproj", "{65662F83-BFD5-4119-B789-79FE95DECDE6}"
EndProject
Global
	GlobalSection(SolutionConfigurationPlatforms) = preSolution
		Debug|Any CPU = Debug|Any CPU
		Debug|Mixed Platforms = Debug|Mixed Platforms
		Debug|x86 = Debug|x86
		Release|Any CPU = Release|Any CPU
		Release|Mixed Platforms = Release|Mixed Platforms
		Release|x86 = Release|x86
		x64 Debug|Any CPU = x64 Debug|Any CPU
		x64 Debug|Mixed Platforms = x64 Debug|Mixed Platforms
		x64 Debug|x86 = x64 Debug|x86
	EndGlobalSection
	GlobalSection(ProjectConfigurationPlatforms) = postSolution
		{33763686-5217-46BC-AC0D-8F19776B1ED0}.Debug|Any CPU.ActiveCfg = Debug|Any CPU
		{33763686-5217-46BC-AC0D-8F19776B1ED0}.Debug|Any CPU.Build.0 = Debug|Any CPU
		{33763686-5217-46BC-AC0D-8F19776B1ED0}.Debug|Mixed Platforms.ActiveCfg = Debug|Any CPU
		{33763686-5217-46BC-AC0D-8F19776B1ED0}.Debug|Mixed Platforms.Build.0 = Debug|Any CPU
		{33763686-5217-46BC-AC0D-8F19776B1ED0}.Debug|x86.ActiveCfg = Debug|Any CPU
		{33763686-5217-46BC-AC0D-8F19776B1ED0}.Release|Any CPU.ActiveCfg = Release|Any CPU
		{33763686-5217-46BC-AC0D-8F19776B1ED0}.Release|Any CPU.Build.0 = Release|Any CPU
		{33763686-5217-46BC-AC0D-8F19776B1ED0}.Release|Mixed Platforms.ActiveCfg = Release|Any CPU
		{33763686-5217-46BC-AC0D-8F19776B1ED0}.Release|Mixed Platforms.Build.0 = Release|Any CPU
		{33763686-5217-46BC-AC0D-8F19776B1ED0}.Release|x86.ActiveCfg = Release|Any CPU
		{33763686-5217-46BC-AC0D-8F19776B1ED0}.x64 Debug|Any CPU.ActiveCfg = Debug|Any CPU
		{33763686-5217-46BC-AC0D-8F19776B1ED0}.x64 Debug|Any CPU.Build.0 = Debug|Any CPU
		{33763686-5217-46BC-AC0D-8F19776B1ED0}.x64 Debug|Mixed Platforms.ActiveCfg = Debug|Any CPU
		{33763686-5217-46BC-AC0D-8F19776B1ED0}.x64 Debug|Mixed Platforms.Build.0 = Debug|Any CPU
		{33763686-5217-46BC-AC0D-8F19776B1ED0}.x64 Debug|x86.ActiveCfg = Debug|Any CPU
		{33763686-5217-46BC-AC0D-8F19776B1ED0}.x64 Debug|x86.Build.0 = Debug|Any CPU
		{D7E8EEA7-3485-4A25-99F5-B5624BE5442F}.Debug|Any CPU.ActiveCfg = Debug|Any CPU
		{D7E8EEA7-3485-4A25-99F5-B5624BE5442F}.Debug|Any CPU.Build.0 = Debug|Any CPU
		{D7E8EEA7-3485-4A25-99F5-B5624BE5442F}.Debug|Mixed Platforms.ActiveCfg = Debug|Any CPU
		{D7E8EEA7-3485-4A25-99F5-B5624BE5442F}.Debug|Mixed Platforms.Build.0 = Debug|Any CPU
		{D7E8EEA7-3485-4A25-99F5-B5624BE5442F}.Debug|x86.ActiveCfg = Debug|Any CPU
		{D7E8EEA7-3485-4A25-99F5-B5624BE5442F}.Release|Any CPU.ActiveCfg = Release|Any CPU
		{D7E8EEA7-3485-4A25-99F5-B5624BE5442F}.Release|Any CPU.Build.0 = Release|Any CPU
		{D7E8EEA7-3485-4A25-99F5-B5624BE5442F}.Release|Mixed Platforms.ActiveCfg = Release|Any CPU
		{D7E8EEA7-3485-4A25-99F5-B5624BE5442F}.Release|Mixed Platforms.Build.0 = Release|Any CPU
		{D7E8EEA7-3485-4A25-99F5-B5624BE5442F}.Release|x86.ActiveCfg = Release|Any CPU
		{D7E8EEA7-3485-4A25-99F5-B5624BE5442F}.x64 Debug|Any CPU.ActiveCfg = Debug|Any CPU
		{D7E8EEA7-3485-4A25-99F5-B5624BE5442F}.x64 Debug|Any CPU.Build.0 = Debug|Any CPU
		{D7E8EEA7-3485-4A25-99F5-B5624BE5442F}.x64 Debug|Mixed Platforms.ActiveCfg = Debug|Any CPU
		{D7E8EEA7-3485-4A25-99F5-B5624BE5442F}.x64 Debug|Mixed Platforms.Build.0 = Debug|Any CPU
		{D7E8EEA7-3485-4A25-99F5-B5624BE5442F}.x64 Debug|x86.ActiveCfg = Debug|Any CPU
		{D7E8EEA7-3485-4A25-99F5-B5624BE5442F}.x64 Debug|x86.Build.0 = Debug|Any CPU
		{F850AD09-3800-4D6D-9C91-B4C4B6F08848}.Debug|Any CPU.ActiveCfg = Debug|Any CPU
		{F850AD09-3800-4D6D-9C91-B4C4B6F08848}.Debug|Any CPU.Build.0 = Debug|Any CPU
		{F850AD09-3800-4D6D-9C91-B4C4B6F08848}.Debug|Mixed Platforms.ActiveCfg = Debug|Any CPU
		{F850AD09-3800-4D6D-9C91-B4C4B6F08848}.Debug|Mixed Platforms.Build.0 = Debug|Any CPU
		{F850AD09-3800-4D6D-9C91-B4C4B6F08848}.Debug|x86.ActiveCfg = Debug|Any CPU
		{F850AD09-3800-4D6D-9C91-B4C4B6F08848}.Release|Any CPU.ActiveCfg = Release|Any CPU
		{F850AD09-3800-4D6D-9C91-B4C4B6F08848}.Release|Any CPU.Build.0 = Release|Any CPU
		{F850AD09-3800-4D6D-9C91-B4C4B6F08848}.Release|Mixed Platforms.ActiveCfg = Release|Any CPU
		{F850AD09-3800-4D6D-9C91-B4C4B6F08848}.Release|Mixed Platforms.Build.0 = Release|Any CPU
		{F850AD09-3800-4D6D-9C91-B4C4B6F08848}.Release|x86.ActiveCfg = Release|Any CPU
		{F850AD09-3800-4D6D-9C91-B4C4B6F08848}.x64 Debug|Any CPU.ActiveCfg = Debug|Any CPU
		{F850AD09-3800-4D6D-9C91-B4C4B6F08848}.x64 Debug|Any CPU.Build.0 = Debug|Any CPU
		{F850AD09-3800-4D6D-9C91-B4C4B6F08848}.x64 Debug|Mixed Platforms.ActiveCfg = Debug|Any CPU
		{F850AD09-3800-4D6D-9C91-B4C4B6F08848}.x64 Debug|Mixed Platforms.Build.0 = Debug|Any CPU
		{F850AD09-3800-4D6D-9C91-B4C4B6F08848}.x64 Debug|x86.ActiveCfg = Debug|Any CPU
		{F850AD09-3800-4D6D-9C91-B4C4B6F08848}.x64 Debug|x86.Build.0 = Debug|Any CPU
		{C8421F84-0ED5-46E2-A765-154B84A6A3F3}.Debug|Any CPU.ActiveCfg = Debug|Any CPU
		{C8421F84-0ED5-46E2-A765-154B84A6A3F3}.Debug|Any CPU.Build.0 = Debug|Any CPU
		{C8421F84-0ED5-46E2-A765-154B84A6A3F3}.Debug|Mixed Platforms.ActiveCfg = Debug|Any CPU
		{C8421F84-0ED5-46E2-A765-154B84A6A3F3}.Debug|Mixed Platforms.Build.0 = Debug|Any CPU
		{C8421F84-0ED5-46E2-A765-154B84A6A3F3}.Debug|x86.ActiveCfg = Debug|Any CPU
		{C8421F84-0ED5-46E2-A765-154B84A6A3F3}.Release|Any CPU.ActiveCfg = Release|Any CPU
		{C8421F84-0ED5-46E2-A765-154B84A6A3F3}.Release|Any CPU.Build.0 = Release|Any CPU
		{C8421F84-0ED5-46E2-A765-154B84A6A3F3}.Release|Mixed Platforms.ActiveCfg = Release|Any CPU
		{C8421F84-0ED5-46E2-A765-154B84A6A3F3}.Release|Mixed Platforms.Build.0 = Release|Any CPU
		{C8421F84-0ED5-46E2-A765-154B84A6A3F3}.Release|x86.ActiveCfg = Release|Any CPU
		{C8421F84-0ED5-46E2-A765-154B84A6A3F3}.x64 Debug|Any CPU.ActiveCfg = Debug|Any CPU
		{C8421F84-0ED5-46E2-A765-154B84A6A3F3}.x64 Debug|Any CPU.Build.0 = Debug|Any CPU
		{C8421F84-0ED5-46E2-A765-154B84A6A3F3}.x64 Debug|Mixed Platforms.ActiveCfg = Debug|Any CPU
		{C8421F84-0ED5-46E2-A765-154B84A6A3F3}.x64 Debug|Mixed Platforms.Build.0 = Debug|Any CPU
		{C8421F84-0ED5-46E2-A765-154B84A6A3F3}.x64 Debug|x86.ActiveCfg = Debug|Any CPU
		{C8421F84-0ED5-46E2-A765-154B84A6A3F3}.x64 Debug|x86.Build.0 = Debug|Any CPU
		{F21FC353-FA0D-457A-B1EB-7235837E0704}.Debug|Any CPU.ActiveCfg = Debug|Any CPU
		{F21FC353-FA0D-457A-B1EB-7235837E0704}.Debug|Any CPU.Build.0 = Debug|Any CPU
		{F21FC353-FA0D-457A-B1EB-7235837E0704}.Debug|Mixed Platforms.ActiveCfg = Debug|Any CPU
		{F21FC353-FA0D-457A-B1EB-7235837E0704}.Debug|Mixed Platforms.Build.0 = Debug|Any CPU
		{F21FC353-FA0D-457A-B1EB-7235837E0704}.Debug|x86.ActiveCfg = Debug|Any CPU
		{F21FC353-FA0D-457A-B1EB-7235837E0704}.Release|Any CPU.ActiveCfg = Release|Any CPU
		{F21FC353-FA0D-457A-B1EB-7235837E0704}.Release|Any CPU.Build.0 = Release|Any CPU
		{F21FC353-FA0D-457A-B1EB-7235837E0704}.Release|Mixed Platforms.ActiveCfg = Release|Any CPU
		{F21FC353-FA0D-457A-B1EB-7235837E0704}.Release|Mixed Platforms.Build.0 = Release|Any CPU
		{F21FC353-FA0D-457A-B1EB-7235837E0704}.Release|x86.ActiveCfg = Release|Any CPU
		{F21FC353-FA0D-457A-B1EB-7235837E0704}.x64 Debug|Any CPU.ActiveCfg = Debug|Any CPU
		{F21FC353-FA0D-457A-B1EB-7235837E0704}.x64 Debug|Any CPU.Build.0 = Debug|Any CPU
		{F21FC353-FA0D-457A-B1EB-7235837E0704}.x64 Debug|Mixed Platforms.ActiveCfg = Debug|Any CPU
		{F21FC353-FA0D-457A-B1EB-7235837E0704}.x64 Debug|Mixed Platforms.Build.0 = Debug|Any CPU
		{F21FC353-FA0D-457A-B1EB-7235837E0704}.x64 Debug|x86.ActiveCfg = Debug|Any CPU
		{F21FC353-FA0D-457A-B1EB-7235837E0704}.x64 Debug|x86.Build.0 = Debug|Any CPU
		{B2C7552C-432D-4A1D-BFF1-0F0A041B5761}.Debug|Any CPU.ActiveCfg = Debug|Any CPU
		{B2C7552C-432D-4A1D-BFF1-0F0A041B5761}.Debug|Any CPU.Build.0 = Debug|Any CPU
		{B2C7552C-432D-4A1D-BFF1-0F0A041B5761}.Debug|Mixed Platforms.ActiveCfg = Debug|Any CPU
		{B2C7552C-432D-4A1D-BFF1-0F0A041B5761}.Debug|Mixed Platforms.Build.0 = Debug|Any CPU
		{B2C7552C-432D-4A1D-BFF1-0F0A041B5761}.Debug|x86.ActiveCfg = Debug|Any CPU
		{B2C7552C-432D-4A1D-BFF1-0F0A041B5761}.Release|Any CPU.ActiveCfg = Release|Any CPU
		{B2C7552C-432D-4A1D-BFF1-0F0A041B5761}.Release|Any CPU.Build.0 = Release|Any CPU
		{B2C7552C-432D-4A1D-BFF1-0F0A041B5761}.Release|Mixed Platforms.ActiveCfg = Release|Any CPU
		{B2C7552C-432D-4A1D-BFF1-0F0A041B5761}.Release|Mixed Platforms.Build.0 = Release|Any CPU
		{B2C7552C-432D-4A1D-BFF1-0F0A041B5761}.Release|x86.ActiveCfg = Release|Any CPU
		{B2C7552C-432D-4A1D-BFF1-0F0A041B5761}.x64 Debug|Any CPU.ActiveCfg = x64 Debug|Any CPU
		{B2C7552C-432D-4A1D-BFF1-0F0A041B5761}.x64 Debug|Any CPU.Build.0 = x64 Debug|Any CPU
		{B2C7552C-432D-4A1D-BFF1-0F0A041B5761}.x64 Debug|Mixed Platforms.ActiveCfg = x64 Debug|Any CPU
		{B2C7552C-432D-4A1D-BFF1-0F0A041B5761}.x64 Debug|Mixed Platforms.Build.0 = x64 Debug|Any CPU
		{B2C7552C-432D-4A1D-BFF1-0F0A041B5761}.x64 Debug|x86.ActiveCfg = x64 Debug|Any CPU
		{B2C7552C-432D-4A1D-BFF1-0F0A041B5761}.x64 Debug|x86.Build.0 = x64 Debug|Any CPU
		{E3C0180E-4896-4E34-BA1E-BFEE5D40372E}.Debug|Any CPU.ActiveCfg = Debug|Any CPU
		{E3C0180E-4896-4E34-BA1E-BFEE5D40372E}.Debug|Any CPU.Build.0 = Debug|Any CPU
		{E3C0180E-4896-4E34-BA1E-BFEE5D40372E}.Debug|Mixed Platforms.ActiveCfg = Debug|Any CPU
		{E3C0180E-4896-4E34-BA1E-BFEE5D40372E}.Debug|Mixed Platforms.Build.0 = Debug|Any CPU
		{E3C0180E-4896-4E34-BA1E-BFEE5D40372E}.Debug|x86.ActiveCfg = Debug|Any CPU
		{E3C0180E-4896-4E34-BA1E-BFEE5D40372E}.Release|Any CPU.ActiveCfg = Release|Any CPU
		{E3C0180E-4896-4E34-BA1E-BFEE5D40372E}.Release|Any CPU.Build.0 = Release|Any CPU
		{E3C0180E-4896-4E34-BA1E-BFEE5D40372E}.Release|Mixed Platforms.ActiveCfg = Release|Any CPU
		{E3C0180E-4896-4E34-BA1E-BFEE5D40372E}.Release|Mixed Platforms.Build.0 = Release|Any CPU
		{E3C0180E-4896-4E34-BA1E-BFEE5D40372E}.Release|x86.ActiveCfg = Release|Any CPU
		{E3C0180E-4896-4E34-BA1E-BFEE5D40372E}.x64 Debug|Any CPU.ActiveCfg = Debug|Any CPU
		{E3C0180E-4896-4E34-BA1E-BFEE5D40372E}.x64 Debug|Any CPU.Build.0 = Debug|Any CPU
		{E3C0180E-4896-4E34-BA1E-BFEE5D40372E}.x64 Debug|Mixed Platforms.ActiveCfg = Debug|Any CPU
		{E3C0180E-4896-4E34-BA1E-BFEE5D40372E}.x64 Debug|Mixed Platforms.Build.0 = Debug|Any CPU
		{E3C0180E-4896-4E34-BA1E-BFEE5D40372E}.x64 Debug|x86.ActiveCfg = Debug|Any CPU
		{E3C0180E-4896-4E34-BA1E-BFEE5D40372E}.x64 Debug|x86.Build.0 = Debug|Any CPU
		{8F292EC8-0E82-4CBE-B470-F46DEDA37822}.Debug|Any CPU.ActiveCfg = Debug|x86
		{8F292EC8-0E82-4CBE-B470-F46DEDA37822}.Debug|Mixed Platforms.ActiveCfg = Debug|x86
		{8F292EC8-0E82-4CBE-B470-F46DEDA37822}.Debug|x86.ActiveCfg = Debug|x86
		{8F292EC8-0E82-4CBE-B470-F46DEDA37822}.Debug|x86.Build.0 = Debug|x86
		{8F292EC8-0E82-4CBE-B470-F46DEDA37822}.Release|Any CPU.ActiveCfg = Release|x86
		{8F292EC8-0E82-4CBE-B470-F46DEDA37822}.Release|Mixed Platforms.ActiveCfg = Release|x86
		{8F292EC8-0E82-4CBE-B470-F46DEDA37822}.Release|x86.ActiveCfg = Release|x86
		{8F292EC8-0E82-4CBE-B470-F46DEDA37822}.Release|x86.Build.0 = Release|x86
		{8F292EC8-0E82-4CBE-B470-F46DEDA37822}.x64 Debug|Any CPU.ActiveCfg = Release|x86
		{8F292EC8-0E82-4CBE-B470-F46DEDA37822}.x64 Debug|Any CPU.Build.0 = Release|x86
		{8F292EC8-0E82-4CBE-B470-F46DEDA37822}.x64 Debug|Mixed Platforms.ActiveCfg = Debug|x86
		{8F292EC8-0E82-4CBE-B470-F46DEDA37822}.x64 Debug|Mixed Platforms.Build.0 = Debug|x86
		{8F292EC8-0E82-4CBE-B470-F46DEDA37822}.x64 Debug|x86.ActiveCfg = Debug|x86
		{8F292EC8-0E82-4CBE-B470-F46DEDA37822}.x64 Debug|x86.Build.0 = Debug|x86
		{2932A054-41B4-48F0-AD84-747866588F88}.Debug|Any CPU.ActiveCfg = Debug|x86
		{2932A054-41B4-48F0-AD84-747866588F88}.Debug|Mixed Platforms.ActiveCfg = Debug|x86
		{2932A054-41B4-48F0-AD84-747866588F88}.Debug|Mixed Platforms.Build.0 = Debug|x86
		{2932A054-41B4-48F0-AD84-747866588F88}.Debug|x86.ActiveCfg = Debug|x86
		{2932A054-41B4-48F0-AD84-747866588F88}.Debug|x86.Build.0 = Debug|x86
		{2932A054-41B4-48F0-AD84-747866588F88}.Release|Any CPU.ActiveCfg = Release|x86
		{2932A054-41B4-48F0-AD84-747866588F88}.Release|Mixed Platforms.ActiveCfg = Release|x86
		{2932A054-41B4-48F0-AD84-747866588F88}.Release|Mixed Platforms.Build.0 = Release|x86
		{2932A054-41B4-48F0-AD84-747866588F88}.Release|x86.ActiveCfg = Release|x86
		{2932A054-41B4-48F0-AD84-747866588F88}.Release|x86.Build.0 = Release|x86
		{2932A054-41B4-48F0-AD84-747866588F88}.x64 Debug|Any CPU.ActiveCfg = Release|x86
		{2932A054-41B4-48F0-AD84-747866588F88}.x64 Debug|Any CPU.Build.0 = Release|x86
		{2932A054-41B4-48F0-AD84-747866588F88}.x64 Debug|Mixed Platforms.ActiveCfg = Debug|x86
		{2932A054-41B4-48F0-AD84-747866588F88}.x64 Debug|Mixed Platforms.Build.0 = Debug|x86
		{2932A054-41B4-48F0-AD84-747866588F88}.x64 Debug|x86.ActiveCfg = Debug|x86
		{2932A054-41B4-48F0-AD84-747866588F88}.x64 Debug|x86.Build.0 = Debug|x86
		{7C735CB9-3648-4F9F-BB95-1FD3E0277922}.Debug|Any CPU.ActiveCfg = Debug|x86
		{7C735CB9-3648-4F9F-BB95-1FD3E0277922}.Debug|Mixed Platforms.ActiveCfg = Debug|x86
		{7C735CB9-3648-4F9F-BB95-1FD3E0277922}.Debug|x86.ActiveCfg = Debug|x86
		{7C735CB9-3648-4F9F-BB95-1FD3E0277922}.Debug|x86.Build.0 = Debug|x86
		{7C735CB9-3648-4F9F-BB95-1FD3E0277922}.Release|Any CPU.ActiveCfg = Release|x86
		{7C735CB9-3648-4F9F-BB95-1FD3E0277922}.Release|Mixed Platforms.ActiveCfg = Release|x86
		{7C735CB9-3648-4F9F-BB95-1FD3E0277922}.Release|x86.ActiveCfg = Release|x86
		{7C735CB9-3648-4F9F-BB95-1FD3E0277922}.Release|x86.Build.0 = Release|x86
		{7C735CB9-3648-4F9F-BB95-1FD3E0277922}.x64 Debug|Any CPU.ActiveCfg = Release|x86
		{7C735CB9-3648-4F9F-BB95-1FD3E0277922}.x64 Debug|Any CPU.Build.0 = Release|x86
		{7C735CB9-3648-4F9F-BB95-1FD3E0277922}.x64 Debug|Mixed Platforms.ActiveCfg = Debug|x86
		{7C735CB9-3648-4F9F-BB95-1FD3E0277922}.x64 Debug|Mixed Platforms.Build.0 = Debug|x86
		{7C735CB9-3648-4F9F-BB95-1FD3E0277922}.x64 Debug|x86.ActiveCfg = Debug|x86
		{7C735CB9-3648-4F9F-BB95-1FD3E0277922}.x64 Debug|x86.Build.0 = Debug|x86
		{45842652-7CBC-4035-A356-C062B5DBE5A5}.Debug|Any CPU.ActiveCfg = Debug|Any CPU
		{45842652-7CBC-4035-A356-C062B5DBE5A5}.Debug|Any CPU.Build.0 = Debug|Any CPU
		{45842652-7CBC-4035-A356-C062B5DBE5A5}.Debug|Mixed Platforms.ActiveCfg = Debug|Any CPU
		{45842652-7CBC-4035-A356-C062B5DBE5A5}.Debug|Mixed Platforms.Build.0 = Debug|Any CPU
		{45842652-7CBC-4035-A356-C062B5DBE5A5}.Debug|x86.ActiveCfg = Debug|Any CPU
		{45842652-7CBC-4035-A356-C062B5DBE5A5}.Debug|x86.Build.0 = Debug|Any CPU
		{45842652-7CBC-4035-A356-C062B5DBE5A5}.Release|Any CPU.ActiveCfg = Release|Any CPU
		{45842652-7CBC-4035-A356-C062B5DBE5A5}.Release|Any CPU.Build.0 = Release|Any CPU
		{45842652-7CBC-4035-A356-C062B5DBE5A5}.Release|Mixed Platforms.ActiveCfg = Release|Any CPU
		{45842652-7CBC-4035-A356-C062B5DBE5A5}.Release|Mixed Platforms.Build.0 = Release|Any CPU
		{45842652-7CBC-4035-A356-C062B5DBE5A5}.Release|x86.ActiveCfg = Release|Any CPU
		{45842652-7CBC-4035-A356-C062B5DBE5A5}.Release|x86.Build.0 = Release|Any CPU
		{45842652-7CBC-4035-A356-C062B5DBE5A5}.x64 Debug|Any CPU.ActiveCfg = Debug|Any CPU
		{45842652-7CBC-4035-A356-C062B5DBE5A5}.x64 Debug|Any CPU.Build.0 = Debug|Any CPU
		{45842652-7CBC-4035-A356-C062B5DBE5A5}.x64 Debug|Mixed Platforms.ActiveCfg = Debug|Any CPU
		{45842652-7CBC-4035-A356-C062B5DBE5A5}.x64 Debug|Mixed Platforms.Build.0 = Debug|Any CPU
		{45842652-7CBC-4035-A356-C062B5DBE5A5}.x64 Debug|x86.ActiveCfg = Debug|Any CPU
		{45842652-7CBC-4035-A356-C062B5DBE5A5}.x64 Debug|x86.Build.0 = Debug|Any CPU
		{65662F83-BFD5-4119-B789-79FE95DECDE6}.Debug|Any CPU.ActiveCfg = Debug|Any CPU
		{65662F83-BFD5-4119-B789-79FE95DECDE6}.Debug|Any CPU.Build.0 = Debug|Any CPU
		{65662F83-BFD5-4119-B789-79FE95DECDE6}.Debug|Mixed Platforms.ActiveCfg = Debug|Any CPU
		{65662F83-BFD5-4119-B789-79FE95DECDE6}.Debug|Mixed Platforms.Build.0 = Debug|Any CPU
		{65662F83-BFD5-4119-B789-79FE95DECDE6}.Debug|x86.ActiveCfg = Debug|Any CPU
		{65662F83-BFD5-4119-B789-79FE95DECDE6}.Debug|x86.Build.0 = Debug|Any CPU
		{65662F83-BFD5-4119-B789-79FE95DECDE6}.Release|Any CPU.ActiveCfg = Release|Any CPU
		{65662F83-BFD5-4119-B789-79FE95DECDE6}.Release|Any CPU.Build.0 = Release|Any CPU
		{65662F83-BFD5-4119-B789-79FE95DECDE6}.Release|Mixed Platforms.ActiveCfg = Release|Any CPU
		{65662F83-BFD5-4119-B789-79FE95DECDE6}.Release|Mixed Platforms.Build.0 = Release|Any CPU
		{65662F83-BFD5-4119-B789-79FE95DECDE6}.Release|x86.ActiveCfg = Release|Any CPU
		{65662F83-BFD5-4119-B789-79FE95DECDE6}.Release|x86.Build.0 = Release|Any CPU
		{65662F83-BFD5-4119-B789-79FE95DECDE6}.x64 Debug|Any CPU.ActiveCfg = x64 Debug|Any CPU
		{65662F83-BFD5-4119-B789-79FE95DECDE6}.x64 Debug|Any CPU.Build.0 = x64 Debug|Any CPU
		{65662F83-BFD5-4119-B789-79FE95DECDE6}.x64 Debug|Mixed Platforms.ActiveCfg = x64 Debug|Any CPU
		{65662F83-BFD5-4119-B789-79FE95DECDE6}.x64 Debug|Mixed Platforms.Build.0 = x64 Debug|Any CPU
		{65662F83-BFD5-4119-B789-79FE95DECDE6}.x64 Debug|x86.ActiveCfg = x64 Debug|Any CPU
		{65662F83-BFD5-4119-B789-79FE95DECDE6}.x64 Debug|x86.Build.0 = x64 Debug|Any CPU
	EndGlobalSection
	GlobalSection(SolutionProperties) = preSolution
		HideSolutionNode = FALSE
	EndGlobalSection
	GlobalSection(NestedProjects) = preSolution
		{8F292EC8-0E82-4CBE-B470-F46DEDA37822} = {671FD1D6-E074-45CA-A13A-2B0676A9BB34}
		{2932A054-41B4-48F0-AD84-747866588F88} = {671FD1D6-E074-45CA-A13A-2B0676A9BB34}
		{7C735CB9-3648-4F9F-BB95-1FD3E0277922} = {671FD1D6-E074-45CA-A13A-2B0676A9BB34}
		{45842652-7CBC-4035-A356-C062B5DBE5A5} = {671FD1D6-E074-45CA-A13A-2B0676A9BB34}
	EndGlobalSection
EndGlobal
